
Microsoft Visual Studio Solution File, Format Version 12.00
# Visual Studio Version 17
VisualStudioVersion = 17.3.32611.2
MinimumVisualStudioVersion = 10.0.40219.1
Project("{9A19103F-16F7-4668-BE54-9A1E7A4F7556}") = "Medical.Work", "Medical.Work\Medical.Work.csproj", "{01780903-BBBE-4BCA-A28D-41118D517A49}"
EndProject
Project("{9A19103F-16F7-4668-BE54-9A1E7A4F7556}") = "Medical", "Medical\Medical.csproj", "{093F00C5-6776-4CF2-B05D-23C991D0391D}"
EndProject
Global
	GlobalSection(SolutionConfigurationPlatforms) = preSolution
		Debug|Any CPU = Debug|Any CPU
		Release|Any CPU = Release|Any CPU
	EndGlobalSection
	GlobalSection(ProjectConfigurationPlatforms) = postSolution
		{01780903-BBBE-4BCA-A28D-41118D517A49}.Debug|Any CPU.ActiveCfg = Debug|Any CPU
		{01780903-BBBE-4BCA-A28D-41118D517A49}.Debug|Any CPU.Build.0 = Debug|Any CPU
		{01780903-BBBE-4BCA-A28D-41118D517A49}.Release|Any CPU.ActiveCfg = Release|Any CPU
		{01780903-BBBE-4BCA-A28D-41118D517A49}.Release|Any CPU.Build.0 = Release|Any CPU
		{093F00C5-6776-4CF2-B05D-23C991D0391D}.Debug|Any CPU.ActiveCfg = Debug|Any CPU
		{093F00C5-6776-4CF2-B05D-23C991D0391D}.Debug|Any CPU.Build.0 = Debug|Any CPU
		{093F00C5-6776-4CF2-B05D-23C991D0391D}.Release|Any CPU.ActiveCfg = Release|Any CPU
		{093F00C5-6776-4CF2-B05D-23C991D0391D}.Release|Any CPU.Build.0 = Release|Any CPU
	EndGlobalSection
	GlobalSection(SolutionProperties) = preSolution
		HideSolutionNode = FALSE
	EndGlobalSection
	GlobalSection(ExtensibilityGlobals) = postSolution
		SolutionGuid = {6771870C-12AB-4F65-90CD-BEF9F9A5D34C}
	EndGlobalSection
EndGlobal
